
Microsoft Visual Studio Solution File, Format Version 12.00
# Visual Studio Version 17
VisualStudioVersion = 17.13.35931.197 d17.13
MinimumVisualStudioVersion = 10.0.40219.1
Project("{FAE04EC0-301F-11D3-BF4B-00C04F79EFBC}") = "HelloWorld", "HelloWorld.csproj", "{0AD3E436-9605-45DF-AA83-3D2C445F1596}"
EndProject
Global
	GlobalSection(SolutionConfigurationPlatforms) = preSolution
		Debug|Any CPU = Debug|Any CPU
		Release|Any CPU = Release|Any CPU
	EndGlobalSection
	GlobalSection(ProjectConfigurationPlatforms) = postSolution
		{0AD3E436-9605-45DF-AA83-3D2C445F1596}.Debug|Any CPU.ActiveCfg = Debug|Any CPU
		{0AD3E436-9605-45DF-AA83-3D2C445F1596}.Debug|Any CPU.Build.0 = Debug|Any CPU
		{0AD3E436-9605-45DF-AA83-3D2C445F1596}.Release|Any CPU.ActiveCfg = Release|Any CPU
		{0AD3E436-9605-45DF-AA83-3D2C445F1596}.Release|Any CPU.Build.0 = Release|Any CPU
	EndGlobalSection
	GlobalSection(SolutionProperties) = preSolution
		HideSolutionNode = FALSE
	EndGlobalSection
	GlobalSection(ExtensibilityGlobals) = postSolution
		SolutionGuid = {A37BA092-6D74-4487-B532-41C062268C21}
	EndGlobalSection
EndGlobal
