
Microsoft Visual Studio Solution File, Format Version 12.00
# Visual Studio Version 17
VisualStudioVersion = 17.13.35931.197 d17.13
MinimumVisualStudioVersion = 10.0.40219.1
Project("{FAE04EC0-301F-11D3-BF4B-00C04F79EFBC}") = "OOP", "OOP\OOP.csproj", "{7A48773F-0550-48D0-95C2-6243CBF7A30C}"
EndProject
Global
	GlobalSection(SolutionConfigurationPlatforms) = preSolution
		Debug|Any CPU = Debug|Any CPU
		Release|Any CPU = Release|Any CPU
	EndGlobalSection
	GlobalSection(ProjectConfigurationPlatforms) = postSolution
		{7A48773F-0550-48D0-95C2-6243CBF7A30C}.Debug|Any CPU.ActiveCfg = Debug|Any CPU
		{7A48773F-0550-48D0-95C2-6243CBF7A30C}.Debug|Any CPU.Build.0 = Debug|Any CPU
		{7A48773F-0550-48D0-95C2-6243CBF7A30C}.Release|Any CPU.ActiveCfg = Release|Any CPU
		{7A48773F-0550-48D0-95C2-6243CBF7A30C}.Release|Any CPU.Build.0 = Release|Any CPU
	EndGlobalSection
	GlobalSection(SolutionProperties) = preSolution
		HideSolutionNode = FALSE
	EndGlobalSection
	GlobalSection(ExtensibilityGlobals) = postSolution
		SolutionGuid = {38E342EA-1D34-4A32-A15E-AF5C63C09B38}
	EndGlobalSection
EndGlobal
